
Microsoft Visual Studio Solution File, Format Version 12.00
# Visual Studio Version 16
VisualStudioVersion = 16.0.31424.327
MinimumVisualStudioVersion = 10.0.40219.1
Project("{FAE04EC0-301F-11D3-BF4B-00C04F79EFBC}") = "MformatikTestService", "MformatikTestService\MformatikTestService.csproj", "{3276569F-16F5-4EAA-A98B-67968FAADBBF}"
EndProject
Global
	GlobalSection(SolutionConfigurationPlatforms) = preSolution
		Debug|Any CPU = Debug|Any CPU
		Release|Any CPU = Release|Any CPU
	EndGlobalSection
	GlobalSection(ProjectConfigurationPlatforms) = postSolution
		{3276569F-16F5-4EAA-A98B-67968FAADBBF}.Debug|Any CPU.ActiveCfg = Debug|Any CPU
		{3276569F-16F5-4EAA-A98B-67968FAADBBF}.Debug|Any CPU.Build.0 = Debug|Any CPU
		{3276569F-16F5-4EAA-A98B-67968FAADBBF}.Release|Any CPU.ActiveCfg = Release|Any CPU
		{3276569F-16F5-4EAA-A98B-67968FAADBBF}.Release|Any CPU.Build.0 = Release|Any CPU
	EndGlobalSection
	GlobalSection(SolutionProperties) = preSolution
		HideSolutionNode = FALSE
	EndGlobalSection
	GlobalSection(ExtensibilityGlobals) = postSolution
		SolutionGuid = {575B97C3-8C8B-4699-B001-E6DF5FD20FD4}
	EndGlobalSection
EndGlobal
